// !$*UTF8*$!
{
	archiveVersion = 1;
	classes = {
	};
	objectVersion = 56;
	objects = {

/* Begin PBXBuildFile section */
		A56A6B362C8102A2005D4663 /* AppDelegate.swift in Sources */ = {isa = PBXBuildFile; fileRef = A56A6B352C8102A2005D4663 /* AppDelegate.swift */; };
		A56A6B382C8102A2005D4663 /* SceneDelegate.swift in Sources */ = {isa = PBXBuildFile; fileRef = A56A6B372C8102A2005D4663 /* SceneDelegate.swift */; };
		A56A6B3A2C8102A2005D4663 /* ViewController.swift in Sources */ = {isa = PBXBuildFile; fileRef = A56A6B392C8102A2005D4663 /* ViewController.swift */; };
		A56A6B3D2C8102A2005D4663 /* Base in Resources */ = {isa = PBXBuildFile; fileRef = A56A6B3C2C8102A2005D4663 /* Base */; };
		A56A6B3F2C8102A3005D4663 /* Assets.xcassets in Resources */ = {isa = PBXBuildFile; fileRef = A56A6B3E2C8102A3005D4663 /* Assets.xcassets */; };
		A56A6B422C8102A3005D4663 /* Base in Resources */ = {isa = PBXBuildFile; fileRef = A56A6B412C8102A3005D4663 /* Base */; };
		A56A6B4D2C8102A4005D4663 /* Table_ViewTests.swift in Sources */ = {isa = PBXBuildFile; fileRef = A56A6B4C2C8102A4005D4663 /* Table_ViewTests.swift */; };
		A56A6B572C8102A4005D4663 /* Table_ViewUITests.swift in Sources */ = {isa = PBXBuildFile; fileRef = A56A6B562C8102A4005D4663 /* Table_ViewUITests.swift */; };
		A56A6B592C8102A4005D4663 /* Table_ViewUITestsLaunchTests.swift in Sources */ = {isa = PBXBuildFile; fileRef = A56A6B582C8102A4005D4663 /* Table_ViewUITestsLaunchTests.swift */; };
/* End PBXBuildFile section */

/* Begin PBXContainerItemProxy section */
		A56A6B492C8102A4005D4663 /* PBXContainerItemProxy */ = {
			isa = PBXContainerItemProxy;
			containerPortal = A56A6B2A2C8102A2005D4663 /* Project object */;
			proxyType = 1;
			remoteGlobalIDString = A56A6B312C8102A2005D4663;
			remoteInfo = "Table-View";
		};
		A56A6B532C8102A4005D4663 /* PBXContainerItemProxy */ = {
			isa = PBXContainerItemProxy;
			containerPortal = A56A6B2A2C8102A2005D4663 /* Project object */;
			proxyType = 1;
			remoteGlobalIDString = A56A6B312C8102A2005D4663;
			remoteInfo = "Table-View";
		};
/* End PBXContainerItemProxy section */

/* Begin PBXFileReference section */
		A56A6B322C8102A2005D4663 /* Table-View.app */ = {isa = PBXFileReference; explicitFileType = wrapper.application; includeInIndex = 0; path = "Table-View.app"; sourceTree = BUILT_PRODUCTS_DIR; };
		A56A6B352C8102A2005D4663 /* AppDelegate.swift */ = {isa = PBXFileReference; lastKnownFileType = sourcecode.swift; path = AppDelegate.swift; sourceTree = "<group>"; };
		A56A6B372C8102A2005D4663 /* SceneDelegate.swift */ = {isa = PBXFileReference; lastKnownFileType = sourcecode.swift; path = SceneDelegate.swift; sourceTree = "<group>"; };
		A56A6B392C8102A2005D4663 /* ViewController.swift */ = {isa = PBXFileReference; lastKnownFileType = sourcecode.swift; path = ViewController.swift; sourceTree = "<group>"; };
		A56A6B3C2C8102A2005D4663 /* Base */ = {isa = PBXFileReference; lastKnownFileType = file.storyboard; name = Base; path = Base.lproj/Main.storyboard; sourceTree = "<group>"; };
		A56A6B3E2C8102A3005D4663 /* Assets.xcassets */ = {isa = PBXFileReference; lastKnownFileType = folder.assetcatalog; path = Assets.xcassets; sourceTree = "<group>"; };
		A56A6B412C8102A3005D4663 /* Base */ = {isa = PBXFileReference; lastKnownFileType = file.storyboard; name = Base; path = Base.lproj/LaunchScreen.storyboard; sourceTree = "<group>"; };
		A56A6B432C8102A3005D4663 /* Info.plist */ = {isa = PBXFileReference; lastKnownFileType = text.plist.xml; path = Info.plist; sourceTree = "<group>"; };
		A56A6B482C8102A4005D4663 /* Table-ViewTests.xctest */ = {isa = PBXFileReference; explicitFileType = wrapper.cfbundle; includeInIndex = 0; path = "Table-ViewTests.xctest"; sourceTree = BUILT_PRODUCTS_DIR; };
		A56A6B4C2C8102A4005D4663 /* Table_ViewTests.swift */ = {isa = PBXFileReference; lastKnownFileType = sourcecode.swift; path = Table_ViewTests.swift; sourceTree = "<group>"; };
		A56A6B522C8102A4005D4663 /* Table-ViewUITests.xctest */ = {isa = PBXFileReference; explicitFileType = wrapper.cfbundle; includeInIndex = 0; path = "Table-ViewUITests.xctest"; sourceTree = BUILT_PRODUCTS_DIR; };
		A56A6B562C8102A4005D4663 /* Table_ViewUITests.swift */ = {isa = PBXFileReference; lastKnownFileType = sourcecode.swift; path = Table_ViewUITests.swift; sourceTree = "<group>"; };
		A56A6B582C8102A4005D4663 /* Table_ViewUITestsLaunchTests.swift */ = {isa = PBXFileReference; lastKnownFileType = sourcecode.swift; path = Table_ViewUITestsLaunchTests.swift; sourceTree = "<group>"; };
/* End PBXFileReference section */

/* Begin PBXFrameworksBuildPhase section */
		A56A6B2F2C8102A2005D4663 /* Frameworks */ = {
			isa = PBXFrameworksBuildPhase;
			buildActionMask = 2147483647;
			files = (
			);
			runOnlyForDeploymentPostprocessing = 0;
		};
		A56A6B452C8102A4005D4663 /* Frameworks */ = {
			isa = PBXFrameworksBuildPhase;
			buildActionMask = 2147483647;
			files = (
			);
			runOnlyForDeploymentPostprocessing = 0;
		};
		A56A6B4F2C8102A4005D4663 /* Frameworks */ = {
			isa = PBXFrameworksBuildPhase;
			buildActionMask = 2147483647;
			files = (
			);
			runOnlyForDeploymentPostprocessing = 0;
		};
/* End PBXFrameworksBuildPhase section */

/* Begin PBXGroup section */
		A56A6B292C8102A2005D4663 = {
			isa = PBXGroup;
			children = (
				A56A6B342C8102A2005D4663 /* Table-View */,
				A56A6B4B2C8102A4005D4663 /* Table-ViewTests */,
				A56A6B552C8102A4005D4663 /* Table-ViewUITests */,
				A56A6B332C8102A2005D4663 /* Products */,
			);
			sourceTree = "<group>";
		};
		A56A6B332C8102A2005D4663 /* Products */ = {
			isa = PBXGroup;
			children = (
				A56A6B322C8102A2005D4663 /* Table-View.app */,
				A56A6B482C8102A4005D4663 /* Table-ViewTests.xctest */,
				A56A6B522C8102A4005D4663 /* Table-ViewUITests.xctest */,
			);
			name = Products;
			sourceTree = "<group>";
		};
		A56A6B342C8102A2005D4663 /* Table-View */ = {
			isa = PBXGroup;
			children = (
				A56A6B352C8102A2005D4663 /* AppDelegate.swift */,
				A56A6B372C8102A2005D4663 /* SceneDelegate.swift */,
				A56A6B392C8102A2005D4663 /* ViewController.swift */,
				A56A6B3B2C8102A2005D4663 /* Main.storyboard */,
				A56A6B3E2C8102A3005D4663 /* Assets.xcassets */,
				A56A6B402C8102A3005D4663 /* LaunchScreen.storyboard */,
				A56A6B432C8102A3005D4663 /* Info.plist */,
			);
			path = "Table-View";
			sourceTree = "<group>";
		};
		A56A6B4B2C8102A4005D4663 /* Table-ViewTests */ = {
			isa = PBXGroup;
			children = (
				A56A6B4C2C8102A4005D4663 /* Table_ViewTests.swift */,
			);
			path = "Table-ViewTests";
			sourceTree = "<group>";
		};
		A56A6B552C8102A4005D4663 /* Table-ViewUITests */ = {
			isa = PBXGroup;
			children = (
				A56A6B562C8102A4005D4663 /* Table_ViewUITests.swift */,
				A56A6B582C8102A4005D4663 /* Table_ViewUITestsLaunchTests.swift */,
			);
			path = "Table-ViewUITests";
			sourceTree = "<group>";
		};
/* End PBXGroup section */

/* Begin PBXNativeTarget section */
		A56A6B312C8102A2005D4663 /* Table-View */ = {
			isa = PBXNativeTarget;
			buildConfigurationList = A56A6B5C2C8102A4005D4663 /* Build configuration list for PBXNativeTarget "Table-View" */;
			buildPhases = (
				A56A6B2E2C8102A2005D4663 /* Sources */,
				A56A6B2F2C8102A2005D4663 /* Frameworks */,
				A56A6B302C8102A2005D4663 /* Resources */,
			);
			buildRules = (
			);
			dependencies = (
			);
			name = "Table-View";
			productName = "Table-View";
			productReference = A56A6B322C8102A2005D4663 /* Table-View.app */;
			productType = "com.apple.product-type.application";
		};
		A56A6B472C8102A4005D4663 /* Table-ViewTests */ = {
			isa = PBXNativeTarget;
			buildConfigurationList = A56A6B5F2C8102A4005D4663 /* Build configuration list for PBXNativeTarget "Table-ViewTests" */;
			buildPhases = (
				A56A6B442C8102A4005D4663 /* Sources */,
				A56A6B452C8102A4005D4663 /* Frameworks */,
				A56A6B462C8102A4005D4663 /* Resources */,
			);
			buildRules = (
			);
			dependencies = (
				A56A6B4A2C8102A4005D4663 /* PBXTargetDependency */,
			);
			name = "Table-ViewTests";
			productName = "Table-ViewTests";
			productReference = A56A6B482C8102A4005D4663 /* Table-ViewTests.xctest */;
			productType = "com.apple.product-type.bundle.unit-test";
		};
		A56A6B512C8102A4005D4663 /* Table-ViewUITests */ = {
			isa = PBXNativeTarget;
			buildConfigurationList = A56A6B622C8102A4005D4663 /* Build configuration list for PBXNativeTarget "Table-ViewUITests" */;
			buildPhases = (
				A56A6B4E2C8102A4005D4663 /* Sources */,
				A56A6B4F2C8102A4005D4663 /* Frameworks */,
				A56A6B502C8102A4005D4663 /* Resources */,
			);
			buildRules = (
			);
			dependencies = (
				A56A6B542C8102A4005D4663 /* PBXTargetDependency */,
			);
			name = "Table-ViewUITests";
			productName = "Table-ViewUITests";
			productReference = A56A6B522C8102A4005D4663 /* Table-ViewUITests.xctest */;
			productType = "com.apple.product-type.bundle.ui-testing";
		};
/* End PBXNativeTarget section */

/* Begin PBXProject section */
		A56A6B2A2C8102A2005D4663 /* Project object */ = {
			isa = PBXProject;
			attributes = {
				BuildIndependentTargetsInParallel = 1;
				LastSwiftUpdateCheck = 1540;
				LastUpgradeCheck = 1540;
				TargetAttributes = {
					A56A6B312C8102A2005D4663 = {
						CreatedOnToolsVersion = 15.4;
					};
					A56A6B472C8102A4005D4663 = {
						CreatedOnToolsVersion = 15.4;
						TestTargetID = A56A6B312C8102A2005D4663;
					};
					A56A6B512C8102A4005D4663 = {
						CreatedOnToolsVersion = 15.4;
						TestTargetID = A56A6B312C8102A2005D4663;
					};
				};
			};
			buildConfigurationList = A56A6B2D2C8102A2005D4663 /* Build configuration list for PBXProject "Table-View" */;
			compatibilityVersion = "Xcode 14.0";
			developmentRegion = en;
			hasScannedForEncodings = 0;
			knownRegions = (
				en,
				Base,
			);
			mainGroup = A56A6B292C8102A2005D4663;
			productRefGroup = A56A6B332C8102A2005D4663 /* Products */;
			projectDirPath = "";
			projectRoot = "";
			targets = (
				A56A6B312C8102A2005D4663 /* Table-View */,
				A56A6B472C8102A4005D4663 /* Table-ViewTests */,
				A56A6B512C8102A4005D4663 /* Table-ViewUITests */,
			);
		};
/* End PBXProject section */

/* Begin PBXResourcesBuildPhase section */
		A56A6B302C8102A2005D4663 /* Resources */ = {
			isa = PBXResourcesBuildPhase;
			buildActionMask = 2147483647;
			files = (
				A56A6B3F2C8102A3005D4663 /* Assets.xcassets in Resources */,
				A56A6B422C8102A3005D4663 /* Base in Resources */,
				A56A6B3D2C8102A2005D4663 /* Base in Resources */,
			);
			runOnlyForDeploymentPostprocessing = 0;
		};
		A56A6B462C8102A4005D4663 /* Resources */ = {
			isa = PBXResourcesBuildPhase;
			buildActionMask = 2147483647;
			files = (
			);
			runOnlyForDeploymentPostprocessing = 0;
		};
		A56A6B502C8102A4005D4663 /* Resources */ = {
			isa = PBXResourcesBuildPhase;
			buildActionMask = 2147483647;
			files = (
			);
			runOnlyForDeploymentPostprocessing = 0;
		};
/* End PBXResourcesBuildPhase section */

/* Begin PBXSourcesBuildPhase section */
		A56A6B2E2C8102A2005D4663 /* Sources */ = {
			isa = PBXSourcesBuildPhase;
			buildActionMask = 2147483647;
			files = (
				A56A6B3A2C8102A2005D4663 /* ViewController.swift in Sources */,
				A56A6B362C8102A2005D4663 /* AppDelegate.swift in Sources */,
				A56A6B382C8102A2005D4663 /* SceneDelegate.swift in Sources */,
			);
			runOnlyForDeploymentPostprocessing = 0;
		};
		A56A6B442C8102A4005D4663 /* Sources */ = {
			isa = PBXSourcesBuildPhase;
			buildActionMask = 2147483647;
			files = (
				A56A6B4D2C8102A4005D4663 /* Table_ViewTests.swift in Sources */,
			);
			runOnlyForDeploymentPostprocessing = 0;
		};
		A56A6B4E2C8102A4005D4663 /* Sources */ = {
			isa = PBXSourcesBuildPhase;
			buildActionMask = 2147483647;
			files = (
				A56A6B592C8102A4005D4663 /* Table_ViewUITestsLaunchTests.swift in Sources */,
				A56A6B572C8102A4005D4663 /* Table_ViewUITests.swift in Sources */,
			);
			runOnlyForDeploymentPostprocessing = 0;
		};
/* End PBXSourcesBuildPhase section */

/* Begin PBXTargetDependency section */
		A56A6B4A2C8102A4005D4663 /* PBXTargetDependency */ = {
			isa = PBXTargetDependency;
			target = A56A6B312C8102A2005D4663 /* Table-View */;
			targetProxy = A56A6B492C8102A4005D4663 /* PBXContainerItemProxy */;
		};
		A56A6B542C8102A4005D4663 /* PBXTargetDependency */ = {
			isa = PBXTargetDependency;
			target = A56A6B312C8102A2005D4663 /* Table-View */;
			targetProxy = A56A6B532C8102A4005D4663 /* PBXContainerItemProxy */;
		};
/* End PBXTargetDependency section */

/* Begin PBXVariantGroup section */
		A56A6B3B2C8102A2005D4663 /* Main.storyboard */ = {
			isa = PBXVariantGroup;
			children = (
				A56A6B3C2C8102A2005D4663 /* Base */,
			);
			name = Main.storyboard;
			sourceTree = "<group>";
		};
		A56A6B402C8102A3005D4663 /* LaunchScreen.storyboard */ = {
			isa = PBXVariantGroup;
			children = (
				A56A6B412C8102A3005D4663 /* Base */,
			);
			name = LaunchScreen.storyboard;
			sourceTree = "<group>";
		};
/* End PBXVariantGroup section */

/* Begin XCBuildConfiguration section */
		A56A6B5A2C8102A4005D4663 /* Debug */ = {
			isa = XCBuildConfiguration;
			buildSettings = {
				ALWAYS_SEARCH_USER_PATHS = NO;
				ASSETCATALOG_COMPILER_GENERATE_SWIFT_ASSET_SYMBOL_EXTENSIONS = YES;
				CLANG_ANALYZER_NONNULL = YES;
				CLANG_ANALYZER_NUMBER_OBJECT_CONVERSION = YES_AGGRESSIVE;
				CLANG_CXX_LANGUAGE_STANDARD = "gnu++20";
				CLANG_ENABLE_MODULES = YES;
				CLANG_ENABLE_OBJC_ARC = YES;
				CLANG_ENABLE_OBJC_WEAK = YES;
				CLANG_WARN_BLOCK_CAPTURE_AUTORELEASING = YES;
				CLANG_WARN_BOOL_CONVERSION = YES;
				CLANG_WARN_COMMA = YES;
				CLANG_WARN_CONSTANT_CONVERSION = YES;
				CLANG_WARN_DEPRECATED_OBJC_IMPLEMENTATIONS = YES;
				CLANG_WARN_DIRECT_OBJC_ISA_USAGE = YES_ERROR;
				CLANG_WARN_DOCUMENTATION_COMMENTS = YES;
				CLANG_WARN_EMPTY_BODY = YES;
				CLANG_WARN_ENUM_CONVERSION = YES;
				CLANG_WARN_INFINITE_RECURSION = YES;
				CLANG_WARN_INT_CONVERSION = YES;
				CLANG_WARN_NON_LITERAL_NULL_CONVERSION = YES;
				CLANG_WARN_OBJC_IMPLICIT_RETAIN_SELF = YES;
				CLANG_WARN_OBJC_LITERAL_CONVERSION = YES;
				CLANG_WARN_OBJC_ROOT_CLASS = YES_ERROR;
				CLANG_WARN_QUOTED_INCLUDE_IN_FRAMEWORK_HEADER = YES;
				CLANG_WARN_RANGE_LOOP_ANALYSIS = YES;
				CLANG_WARN_STRICT_PROTOTYPES = YES;
				CLANG_WARN_SUSPICIOUS_MOVE = YES;
				CLANG_WARN_UNGUARDED_AVAILABILITY = YES_AGGRESSIVE;
				CLANG_WARN_UNREACHABLE_CODE = YES;
				CLANG_WARN__DUPLICATE_METHOD_MATCH = YES;
				COPY_PHASE_STRIP = NO;
				DEBUG_INFORMATION_FORMAT = dwarf;
				ENABLE_STRICT_OBJC_MSGSEND = YES;
				ENABLE_TESTABILITY = YES;
				ENABLE_USER_SCRIPT_SANDBOXING = YES;
				GCC_C_LANGUAGE_STANDARD = gnu17;
				GCC_DYNAMIC_NO_PIC = NO;
				GCC_NO_COMMON_BLOCKS = YES;
				GCC_OPTIMIZATION_LEVEL = 0;
				GCC_PREPROCESSOR_DEFINITIONS = (
					"DEBUG=1",
					"$(inherited)",
				);
				GCC_WARN_64_TO_32_BIT_CONVERSION = YES;
				GCC_WARN_ABOUT_RETURN_TYPE = YES_ERROR;
				GCC_WARN_UNDECLARED_SELECTOR = YES;
				GCC_WARN_UNINITIALIZED_AUTOS = YES_AGGRESSIVE;
				GCC_WARN_UNUSED_FUNCTION = YES;
				GCC_WARN_UNUSED_VARIABLE = YES;
				IPHONEOS_DEPLOYMENT_TARGET = 17.5;
				LOCALIZATION_PREFERS_STRING_CATALOGS = YES;
				MTL_ENABLE_DEBUG_INFO = INCLUDE_SOURCE;
				MTL_FAST_MATH = YES;
				ONLY_ACTIVE_ARCH = YES;
				SDKROOT = iphoneos;
				SWIFT_ACTIVE_COMPILATION_CONDITIONS = "DEBUG $(inherited)";
				SWIFT_OPTIMIZATION_LEVEL = "-Onone";
			};
			name = Debug;
		};
		A56A6B5B2C8102A4005D4663 /* Release */ = {
			isa = XCBuildConfiguration;
			buildSettings = {
				ALWAYS_SEARCH_USER_PATHS = NO;
				ASSETCATALOG_COMPILER_GENERATE_SWIFT_ASSET_SYMBOL_EXTENSIONS = YES;
				CLANG_ANALYZER_NONNULL = YES;
				CLANG_ANALYZER_NUMBER_OBJECT_CONVERSION = YES_AGGRESSIVE;
				CLANG_CXX_LANGUAGE_STANDARD = "gnu++20";
				CLANG_ENABLE_MODULES = YES;
				CLANG_ENABLE_OBJC_ARC = YES;
				CLANG_ENABLE_OBJC_WEAK = YES;
				CLANG_WARN_BLOCK_CAPTURE_AUTORELEASING = YES;
				CLANG_WARN_BOOL_CONVERSION = YES;
				CLANG_WARN_COMMA = YES;
				CLANG_WARN_CONSTANT_CONVERSION = YES;
				CLANG_WARN_DEPRECATED_OBJC_IMPLEMENTATIONS = YES;
				CLANG_WARN_DIRECT_OBJC_ISA_USAGE = YES_ERROR;
				CLANG_WARN_DOCUMENTATION_COMMENTS = YES;
				CLANG_WARN_EMPTY_BODY = YES;
				CLANG_WARN_ENUM_CONVERSION = YES;
				CLANG_WARN_INFINITE_RECURSION = YES;
				CLANG_WARN_INT_CONVERSION = YES;
				CLANG_WARN_NON_LITERAL_NULL_CONVERSION = YES;
				CLANG_WARN_OBJC_IMPLICIT_RETAIN_SELF = YES;
				CLANG_WARN_OBJC_LITERAL_CONVERSION = YES;
				CLANG_WARN_OBJC_ROOT_CLASS = YES_ERROR;
				CLANG_WARN_QUOTED_INCLUDE_IN_FRAMEWORK_HEADER = YES;
				CLANG_WARN_RANGE_LOOP_ANALYSIS = YES;
				CLANG_WARN_STRICT_PROTOTYPES = YES;
				CLANG_WARN_SUSPICIOUS_MOVE = YES;
				CLANG_WARN_UNGUARDED_AVAILABILITY = YES_AGGRESSIVE;
				CLANG_WARN_UNREACHABLE_CODE = YES;
				CLANG_WARN__DUPLICATE_METHOD_MATCH = YES;
				COPY_PHASE_STRIP = NO;
				DEBUG_INFORMATION_FORMAT = "dwarf-with-dsym";
				ENABLE_NS_ASSERTIONS = NO;
				ENABLE_STRICT_OBJC_MSGSEND = YES;
				ENABLE_USER_SCRIPT_SANDBOXING = YES;
				GCC_C_LANGUAGE_STANDARD = gnu17;
				GCC_NO_COMMON_BLOCKS = YES;
				GCC_WARN_64_TO_32_BIT_CONVERSION = YES;
				GCC_WARN_ABOUT_RETURN_TYPE = YES_ERROR;
				GCC_WARN_UNDECLARED_SELECTOR = YES;
				GCC_WARN_UNINITIALIZED_AUTOS = YES_AGGRESSIVE;
				GCC_WARN_UNUSED_FUNCTION = YES;
				GCC_WARN_UNUSED_VARIABLE = YES;
				IPHONEOS_DEPLOYMENT_TARGET = 17.5;
				LOCALIZATION_PREFERS_STRING_CATALOGS = YES;
				MTL_ENABLE_DEBUG_INFO = NO;
				MTL_FAST_MATH = YES;
				SDKROOT = iphoneos;
				SWIFT_COMPILATION_MODE = wholemodule;
				VALIDATE_PRODUCT = YES;
			};
			name = Release;
		};
		A56A6B5D2C8102A4005D4663 /* Debug */ = {
			isa = XCBuildConfiguration;
			buildSettings = {
				ASSETCATALOG_COMPILER_APPICON_NAME = AppIcon;
				ASSETCATALOG_COMPILER_GLOBAL_ACCENT_COLOR_NAME = AccentColor;
				CODE_SIGN_STYLE = Automatic;
				CURRENT_PROJECT_VERSION = 1;
				GENERATE_INFOPLIST_FILE = YES;
				INFOPLIST_FILE = "Table-View/Info.plist";
				INFOPLIST_KEY_UIApplicationSupportsIndirectInputEvents = YES;
				INFOPLIST_KEY_UILaunchStoryboardName = LaunchScreen;
				INFOPLIST_KEY_UIMainStoryboardFile = Main;
				INFOPLIST_KEY_UISupportedInterfaceOrientations_iPad = "UIInterfaceOrientationPortrait UIInterfaceOrientationPortraitUpsideDown UIInterfaceOrientationLandscapeLeft UIInterfaceOrientationLandscapeRight";
				INFOPLIST_KEY_UISupportedInterfaceOrientations_iPhone = "UIInterfaceOrientationPortrait UIInterfaceOrientationLandscapeLeft UIInterfaceOrientationLandscapeRight";
				LD_RUNPATH_SEARCH_PATHS = (
					"$(inherited)",
					"@executable_path/Frameworks",
				);
				MARKETING_VERSION = 1.0;
				PRODUCT_BUNDLE_IDENTIFIER = "com.Table-View";
				PRODUCT_NAME = "$(TARGET_NAME)";
				SWIFT_EMIT_LOC_STRINGS = YES;
				SWIFT_VERSION = 5.0;
				TARGETED_DEVICE_FAMILY = "1,2";
			};
			name = Debug;
		};
		A56A6B5E2C8102A4005D4663 /* Release */ = {
			isa = XCBuildConfiguration;
			buildSettings = {
				ASSETCATALOG_COMPILER_APPICON_NAME = AppIcon;
				ASSETCATALOG_COMPILER_GLOBAL_ACCENT_COLOR_NAME = AccentColor;
				CODE_SIGN_STYLE = Automatic;
				CURRENT_PROJECT_VERSION = 1;
				GENERATE_INFOPLIST_FILE = YES;
				INFOPLIST_FILE = "Table-View/Info.plist";
				INFOPLIST_KEY_UIApplicationSupportsIndirectInputEvents = YES;
				INFOPLIST_KEY_UILaunchStoryboardName = LaunchScreen;
				INFOPLIST_KEY_UIMainStoryboardFile = Main;
				INFOPLIST_KEY_UISupportedInterfaceOrientations_iPad = "UIInterfaceOrientationPortrait UIInterfaceOrientationPortraitUpsideDown UIInterfaceOrientationLandscapeLeft UIInterfaceOrientationLandscapeRight";
				INFOPLIST_KEY_UISupportedInterfaceOrientations_iPhone = "UIInterfaceOrientationPortrait UIInterfaceOrientationLandscapeLeft UIInterfaceOrientationLandscapeRight";
				LD_RUNPATH_SEARCH_PATHS = (
					"$(inherited)",
					"@executable_path/Frameworks",
				);
				MARKETING_VERSION = 1.0;
				PRODUCT_BUNDLE_IDENTIFIER = "com.Table-View";
				PRODUCT_NAME = "$(TARGET_NAME)";
				SWIFT_EMIT_LOC_STRINGS = YES;
				SWIFT_VERSION = 5.0;
				TARGETED_DEVICE_FAMILY = "1,2";
			};
			name = Release;
		};
		A56A6B602C8102A4005D4663 /* Debug */ = {
			isa = XCBuildConfiguration;
			buildSettings = {
				ALWAYS_EMBED_SWIFT_STANDARD_LIBRARIES = YES;
				BUNDLE_LOADER = "$(TEST_HOST)";
				CODE_SIGN_STYLE = Automatic;
				CURRENT_PROJECT_VERSION = 1;
				GENERATE_INFOPLIST_FILE = YES;
				IPHONEOS_DEPLOYMENT_TARGET = 17.5;
				MARKETING_VERSION = 1.0;
				PRODUCT_BUNDLE_IDENTIFIER = "com.Table-ViewTests";
				PRODUCT_NAME = "$(TARGET_NAME)";
				SWIFT_EMIT_LOC_STRINGS = NO;
				SWIFT_VERSION = 5.0;
				TARGETED_DEVICE_FAMILY = "1,2";
				TEST_HOST = "$(BUILT_PRODUCTS_DIR)/Table-View.app/$(BUNDLE_EXECUTABLE_FOLDER_PATH)/Table-View";
			};
			name = Debug;
		};
		A56A6B612C8102A4005D4663 /* Release */ = {
			isa = XCBuildConfiguration;
			buildSettings = {
				ALWAYS_EMBED_SWIFT_STANDARD_LIBRARIES = YES;
				BUNDLE_LOADER = "$(TEST_HOST)";
				CODE_SIGN_STYLE = Automatic;
				CURRENT_PROJECT_VERSION = 1;
				GENERATE_INFOPLIST_FILE = YES;
				IPHONEOS_DEPLOYMENT_TARGET = 17.5;
				MARKETING_VERSION = 1.0;
				PRODUCT_BUNDLE_IDENTIFIER = "com.Table-ViewTests";
				PRODUCT_NAME = "$(TARGET_NAME)";
				SWIFT_EMIT_LOC_STRINGS = NO;
				SWIFT_VERSION = 5.0;
				TARGETED_DEVICE_FAMILY = "1,2";
				TEST_HOST = "$(BUILT_PRODUCTS_DIR)/Table-View.app/$(BUNDLE_EXECUTABLE_FOLDER_PATH)/Table-View";
			};
			name = Release;
		};
		A56A6B632C8102A4005D4663 /* Debug */ = {
			isa = XCBuildConfiguration;
			buildSettings = {
				ALWAYS_EMBED_SWIFT_STANDARD_LIBRARIES = YES;
				CODE_SIGN_STYLE = Automatic;
				CURRENT_PROJECT_VERSION = 1;
				GENERATE_INFOPLIST_FILE = YES;
				MARKETING_VERSION = 1.0;
				PRODUCT_BUNDLE_IDENTIFIER = "com.Table-ViewUITests";
				PRODUCT_NAME = "$(TARGET_NAME)";
				SWIFT_EMIT_LOC_STRINGS = NO;
				SWIFT_VERSION = 5.0;
				TARGETED_DEVICE_FAMILY = "1,2";
				TEST_TARGET_NAME = "Table-View";
			};
			name = Debug;
		};
		A56A6B642C8102A4005D4663 /* Release */ = {
			isa = XCBuildConfiguration;
			buildSettings = {
				ALWAYS_EMBED_SWIFT_STANDARD_LIBRARIES = YES;
				CODE_SIGN_STYLE = Automatic;
				CURRENT_PROJECT_VERSION = 1;
				GENERATE_INFOPLIST_FILE = YES;
				MARKETING_VERSION = 1.0;
				PRODUCT_BUNDLE_IDENTIFIER = "com.Table-ViewUITests";
				PRODUCT_NAME = "$(TARGET_NAME)";
				SWIFT_EMIT_LOC_STRINGS = NO;
				SWIFT_VERSION = 5.0;
				TARGETED_DEVICE_FAMILY = "1,2";
				TEST_TARGET_NAME = "Table-View";
			};
			name = Release;
		};
/* End XCBuildConfiguration section */

/* Begin XCConfigurationList section */
		A56A6B2D2C8102A2005D4663 /* Build configuration list for PBXProject "Table-View" */ = {
			isa = XCConfigurationList;
			buildConfigurations = (
				A56A6B5A2C8102A4005D4663 /* Debug */,
				A56A6B5B2C8102A4005D4663 /* Release */,
			);
			defaultConfigurationIsVisible = 0;
			defaultConfigurationName = Release;
		};
		A56A6B5C2C8102A4005D4663 /* Build configuration list for PBXNativeTarget "Table-View" */ = {
			isa = XCConfigurationList;
			buildConfigurations = (
				A56A6B5D2C8102A4005D4663 /* Debug */,
				A56A6B5E2C8102A4005D4663 /* Release */,
			);
			defaultConfigurationIsVisible = 0;
			defaultConfigurationName = Release;
		};
		A56A6B5F2C8102A4005D4663 /* Build configuration list for PBXNativeTarget "Table-ViewTests" */ = {
			isa = XCConfigurationList;
			buildConfigurations = (
				A56A6B602C8102A4005D4663 /* Debug */,
				A56A6B612C8102A4005D4663 /* Release */,
			);
			defaultConfigurationIsVisible = 0;
			defaultConfigurationName = Release;
		};
		A56A6B622C8102A4005D4663 /* Build configuration list for PBXNativeTarget "Table-ViewUITests" */ = {
			isa = XCConfigurationList;
			buildConfigurations = (
				A56A6B632C8102A4005D4663 /* Debug */,
				A56A6B642C8102A4005D4663 /* Release */,
			);
			defaultConfigurationIsVisible = 0;
			defaultConfigurationName = Release;
		};
/* End XCConfigurationList section */
	};
	rootObject = A56A6B2A2C8102A2005D4663 /* Project object */;
}
